// !$*UTF8*$!
{
	archiveVersion = 1;
	classes = {
	};
	objectVersion = 46;
	objects = {

/* Begin PBXBuildFile section */
		9838CA4A164B1260006C9C6A /* UIKit.framework in Frameworks */ = {isa = PBXBuildFile; fileRef = 9838CA49164B1260006C9C6A /* UIKit.framework */; };
		9838CA4C164B1260006C9C6A /* Foundation.framework in Frameworks */ = {isa = PBXBuildFile; fileRef = 9838CA4B164B1260006C9C6A /* Foundation.framework */; };
		9838CA4E164B1260006C9C6A /* CoreGraphics.framework in Frameworks */ = {isa = PBXBuildFile; fileRef = 9838CA4D164B1260006C9C6A /* CoreGraphics.framework */; };
		9838CA54164B1260006C9C6A /* InfoPlist.strings in Resources */ = {isa = PBXBuildFile; fileRef = 9838CA52164B1260006C9C6A /* InfoPlist.strings */; };
		9838CA56164B1260006C9C6A /* main.m in Sources */ = {isa = PBXBuildFile; fileRef = 9838CA55164B1260006C9C6A /* main.m */; };
		9838CA5A164B1260006C9C6A /* YammerLockerAppDelegate.m in Sources */ = {isa = PBXBuildFile; fileRef = 9838CA59164B1260006C9C6A /* YammerLockerAppDelegate.m */; };
		9838CA5C164B1260006C9C6A /* Default.png in Resources */ = {isa = PBXBuildFile; fileRef = 9838CA5B164B1260006C9C6A /* Default.png */; };
		9838CA5E164B1260006C9C6A /* Default@2x.png in Resources */ = {isa = PBXBuildFile; fileRef = 9838CA5D164B1260006C9C6A /* Default@2x.png */; };
		9838CA60164B1260006C9C6A /* Default-568h@2x.png in Resources */ = {isa = PBXBuildFile; fileRef = 9838CA5F164B1260006C9C6A /* Default-568h@2x.png */; };
		9838CA63164B1260006C9C6A /* MainStoryboard.storyboard in Resources */ = {isa = PBXBuildFile; fileRef = 9838CA61164B1260006C9C6A /* MainStoryboard.storyboard */; };
		9838CA66164B1260006C9C6A /* YammerLockerViewController.m in Sources */ = {isa = PBXBuildFile; fileRef = 9838CA65164B1260006C9C6A /* YammerLockerViewController.m */; };
		98631B90178B5A2900CD0265 /* YammerDataConfigController.m in Sources */ = {isa = PBXBuildFile; fileRef = 98631B8F178B5A2900CD0265 /* YammerDataConfigController.m */; };
		98631B97178E3CD800CD0265 /* User.m in Sources */ = {isa = PBXBuildFile; fileRef = 98631B96178E3CD800CD0265 /* User.m */; };
		98631BB7178E88A500CD0265 /* YammerBlueColorSliver.png in Resources */ = {isa = PBXBuildFile; fileRef = 98631BB6178E88A500CD0265 /* YammerBlueColorSliver.png */; };
		98631BB9178E8BDF00CD0265 /* AddTopicGuidance.jpg in Resources */ = {isa = PBXBuildFile; fileRef = 98631BB8178E8BDF00CD0265 /* AddTopicGuidance.jpg */; };
		98631BC1178FC74F00CD0265 /* YammerBlueColorSliver_mail.png in Resources */ = {isa = PBXBuildFile; fileRef = 98631BBF178FC74F00CD0265 /* YammerBlueColorSliver_mail.png */; };
		98631BC3178FD73700CD0265 /* YammerBlueColorSliver_folder.png in Resources */ = {isa = PBXBuildFile; fileRef = 98631BC2178FD73700CD0265 /* YammerBlueColorSliver_folder.png */; };
		98631BCE178FE39C00CD0265 /* LockerAppLaunchIcon_114.png in Resources */ = {isa = PBXBuildFile; fileRef = 98631BCC178FE37F00CD0265 /* LockerAppLaunchIcon_114.png */; };
		98631BD0178FE3A300CD0265 /* LockerAppLaunchIcon_57.png in Resources */ = {isa = PBXBuildFile; fileRef = 98631BCF178FE3A300CD0265 /* LockerAppLaunchIcon_57.png */; };
		98631BD31795F9E600CD0265 /* LoginController.m in Sources */ = {isa = PBXBuildFile; fileRef = 98631BD21795F9E600CD0265 /* LoginController.m */; };
		98753B65176A778200B0BAD7 /* YammerMessagesViewController.m in Sources */ = {isa = PBXBuildFile; fileRef = 98753B64176A778200B0BAD7 /* YammerMessagesViewController.m */; };
		98928ABF16BB2D0C00D4C84B /* YammerLockerDataController.m in Sources */ = {isa = PBXBuildFile; fileRef = 98928ABD16BB2D0C00D4C84B /* YammerLockerDataController.m */; };
		98C8569016C9B78400B510BE /* Security.framework in Frameworks */ = {isa = PBXBuildFile; fileRef = 98C8568F16C9B78400B510BE /* Security.framework */; };
		98C99FE717189A9600DB567A /* YammerMessageDetailController.m in Sources */ = {isa = PBXBuildFile; fileRef = 98C99FE617189A9600DB567A /* YammerMessageDetailController.m */; };
		98CD5A4D177260FF0050C34B /* Locker.xcdatamodeld in Sources */ = {isa = PBXBuildFile; fileRef = 98CD5A4B177260FF0050C34B /* Locker.xcdatamodeld */; };
		98CD5A8C1772B1350050C34B /* CoreData.framework in Frameworks */ = {isa = PBXBuildFile; fileRef = 98CD5A8B1772B1350050C34B /* CoreData.framework */; };
		98CD5AB4177540BE0050C34B /* README in Resources */ = {isa = PBXBuildFile; fileRef = 98CD5AB3177540BE0050C34B /* README */; };
		98CD5AB717791AD30050C34B /* Message.m in Sources */ = {isa = PBXBuildFile; fileRef = 98CD5AB617791AD30050C34B /* Message.m */; };
		98CD5ABA17791AD30050C34B /* Category.m in Sources */ = {isa = PBXBuildFile; fileRef = 98CD5AB917791AD30050C34B /* Category.m */; };
/* End PBXBuildFile section */

/* Begin PBXFileReference section */
		9838CA45164B1260006C9C6A /* YammerLocker.app */ = {isa = PBXFileReference; explicitFileType = wrapper.application; includeInIndex = 0; path = YammerLocker.app; sourceTree = BUILT_PRODUCTS_DIR; };
		9838CA49164B1260006C9C6A /* UIKit.framework */ = {isa = PBXFileReference; lastKnownFileType = wrapper.framework; name = UIKit.framework; path = System/Library/Frameworks/UIKit.framework; sourceTree = SDKROOT; };
		9838CA4B164B1260006C9C6A /* Foundation.framework */ = {isa = PBXFileReference; lastKnownFileType = wrapper.framework; name = Foundation.framework; path = System/Library/Frameworks/Foundation.framework; sourceTree = SDKROOT; };
		9838CA4D164B1260006C9C6A /* CoreGraphics.framework */ = {isa = PBXFileReference; lastKnownFileType = wrapper.framework; name = CoreGraphics.framework; path = System/Library/Frameworks/CoreGraphics.framework; sourceTree = SDKROOT; };
		9838CA51164B1260006C9C6A /* YammerLocker-Info.plist */ = {isa = PBXFileReference; lastKnownFileType = text.plist.xml; path = "YammerLocker-Info.plist"; sourceTree = "<group>"; };
		9838CA53164B1260006C9C6A /* en */ = {isa = PBXFileReference; lastKnownFileType = text.plist.strings; name = en; path = en.lproj/InfoPlist.strings; sourceTree = "<group>"; };
		9838CA55164B1260006C9C6A /* main.m */ = {isa = PBXFileReference; lastKnownFileType = sourcecode.c.objc; path = main.m; sourceTree = "<group>"; };
		9838CA57164B1260006C9C6A /* YammerLocker-Prefix.pch */ = {isa = PBXFileReference; lastKnownFileType = sourcecode.c.h; path = "YammerLocker-Prefix.pch"; sourceTree = "<group>"; };
		9838CA58164B1260006C9C6A /* YammerLockerAppDelegate.h */ = {isa = PBXFileReference; lastKnownFileType = sourcecode.c.h; path = YammerLockerAppDelegate.h; sourceTree = "<group>"; };
		9838CA59164B1260006C9C6A /* YammerLockerAppDelegate.m */ = {isa = PBXFileReference; lastKnownFileType = sourcecode.c.objc; path = YammerLockerAppDelegate.m; sourceTree = "<group>"; };
		9838CA5B164B1260006C9C6A /* Default.png */ = {isa = PBXFileReference; lastKnownFileType = image.png; path = Default.png; sourceTree = "<group>"; };
		9838CA5D164B1260006C9C6A /* Default@2x.png */ = {isa = PBXFileReference; lastKnownFileType = image.png; path = "Default@2x.png"; sourceTree = "<group>"; };
		9838CA5F164B1260006C9C6A /* Default-568h@2x.png */ = {isa = PBXFileReference; lastKnownFileType = image.png; path = "Default-568h@2x.png"; sourceTree = "<group>"; };
		9838CA62164B1260006C9C6A /* en */ = {isa = PBXFileReference; lastKnownFileType = file.storyboard; name = en; path = en.lproj/MainStoryboard.storyboard; sourceTree = "<group>"; };
		9838CA64164B1260006C9C6A /* YammerLockerViewController.h */ = {isa = PBXFileReference; lastKnownFileType = sourcecode.c.h; path = YammerLockerViewController.h; sourceTree = "<group>"; };
		9838CA65164B1260006C9C6A /* YammerLockerViewController.m */ = {isa = PBXFileReference; lastKnownFileType = sourcecode.c.objc; path = YammerLockerViewController.m; sourceTree = "<group>"; };
		98631B8E178B5A2900CD0265 /* YammerDataConfigController.h */ = {isa = PBXFileReference; fileEncoding = 4; lastKnownFileType = sourcecode.c.h; path = YammerDataConfigController.h; sourceTree = "<group>"; };
		98631B8F178B5A2900CD0265 /* YammerDataConfigController.m */ = {isa = PBXFileReference; fileEncoding = 4; lastKnownFileType = sourcecode.c.objc; path = YammerDataConfigController.m; sourceTree = "<group>"; };
		98631B95178E3CD800CD0265 /* User.h */ = {isa = PBXFileReference; fileEncoding = 4; lastKnownFileType = sourcecode.c.h; path = User.h; sourceTree = "<group>"; };
		98631B96178E3CD800CD0265 /* User.m */ = {isa = PBXFileReference; fileEncoding = 4; lastKnownFileType = sourcecode.c.objc; path = User.m; sourceTree = "<group>"; };
		98631BB6178E88A500CD0265 /* YammerBlueColorSliver.png */ = {isa = PBXFileReference; lastKnownFileType = image.png; path = YammerBlueColorSliver.png; sourceTree = "<group>"; };
		98631BB8178E8BDF00CD0265 /* AddTopicGuidance.jpg */ = {isa = PBXFileReference; lastKnownFileType = image.jpeg; path = AddTopicGuidance.jpg; sourceTree = "<group>"; };
		98631BBF178FC74F00CD0265 /* YammerBlueColorSliver_mail.png */ = {isa = PBXFileReference; lastKnownFileType = image.png; path = YammerBlueColorSliver_mail.png; sourceTree = "<group>"; };
		98631BC2178FD73700CD0265 /* YammerBlueColorSliver_folder.png */ = {isa = PBXFileReference; lastKnownFileType = image.png; path = YammerBlueColorSliver_folder.png; sourceTree = "<group>"; };
		98631BCC178FE37F00CD0265 /* LockerAppLaunchIcon_114.png */ = {isa = PBXFileReference; lastKnownFileType = image.png; name = LockerAppLaunchIcon_114.png; path = ../LockerAppLaunchIcon_114.png; sourceTree = "<group>"; };
		98631BCF178FE3A300CD0265 /* LockerAppLaunchIcon_57.png */ = {isa = PBXFileReference; lastKnownFileType = image.png; name = LockerAppLaunchIcon_57.png; path = ../LockerAppLaunchIcon_57.png; sourceTree = "<group>"; };
		98631BD11795F9E600CD0265 /* LoginController.h */ = {isa = PBXFileReference; fileEncoding = 4; lastKnownFileType = sourcecode.c.h; path = LoginController.h; sourceTree = "<group>"; };
		98631BD21795F9E600CD0265 /* LoginController.m */ = {isa = PBXFileReference; fileEncoding = 4; lastKnownFileType = sourcecode.c.objc; path = LoginController.m; sourceTree = "<group>"; };
		98753B63176A778200B0BAD7 /* YammerMessagesViewController.h */ = {isa = PBXFileReference; fileEncoding = 4; lastKnownFileType = sourcecode.c.h; path = YammerMessagesViewController.h; sourceTree = "<group>"; };
		98753B64176A778200B0BAD7 /* YammerMessagesViewController.m */ = {isa = PBXFileReference; fileEncoding = 4; lastKnownFileType = sourcecode.c.objc; path = YammerMessagesViewController.m; sourceTree = "<group>"; };
		98928ABC16BB2D0C00D4C84B /* YammerLockerDataController.h */ = {isa = PBXFileReference; fileEncoding = 4; lastKnownFileType = sourcecode.c.h; path = YammerLockerDataController.h; sourceTree = "<group>"; };
		98928ABD16BB2D0C00D4C84B /* YammerLockerDataController.m */ = {isa = PBXFileReference; fileEncoding = 4; lastKnownFileType = sourcecode.c.objc; path = YammerLockerDataController.m; sourceTree = "<group>"; };
		98C8568F16C9B78400B510BE /* Security.framework */ = {isa = PBXFileReference; lastKnownFileType = wrapper.framework; name = Security.framework; path = System/Library/Frameworks/Security.framework; sourceTree = SDKROOT; };
		98C99FE517189A9600DB567A /* YammerMessageDetailController.h */ = {isa = PBXFileReference; fileEncoding = 4; lastKnownFileType = sourcecode.c.h; path = YammerMessageDetailController.h; sourceTree = "<group>"; };
		98C99FE617189A9600DB567A /* YammerMessageDetailController.m */ = {isa = PBXFileReference; fileEncoding = 4; lastKnownFileType = sourcecode.c.objc; path = YammerMessageDetailController.m; sourceTree = "<group>"; };
		98CD5A4C177260FF0050C34B /* Locker.xcdatamodel */ = {isa = PBXFileReference; lastKnownFileType = wrapper.xcdatamodel; path = Locker.xcdatamodel; sourceTree = "<group>"; };
		98CD5A8B1772B1350050C34B /* CoreData.framework */ = {isa = PBXFileReference; lastKnownFileType = wrapper.framework; name = CoreData.framework; path = System/Library/Frameworks/CoreData.framework; sourceTree = SDKROOT; };
		98CD5AB3177540BE0050C34B /* README */ = {isa = PBXFileReference; fileEncoding = 4; lastKnownFileType = text; path = README; sourceTree = "<group>"; };
		98CD5AB517791AD30050C34B /* Message.h */ = {isa = PBXFileReference; fileEncoding = 4; lastKnownFileType = sourcecode.c.h; path = Message.h; sourceTree = "<group>"; };
		98CD5AB617791AD30050C34B /* Message.m */ = {isa = PBXFileReference; fileEncoding = 4; lastKnownFileType = sourcecode.c.objc; path = Message.m; sourceTree = "<group>"; };
		98CD5AB817791AD30050C34B /* Category.h */ = {isa = PBXFileReference; fileEncoding = 4; lastKnownFileType = sourcecode.c.h; path = Category.h; sourceTree = "<group>"; };
		98CD5AB917791AD30050C34B /* Category.m */ = {isa = PBXFileReference; fileEncoding = 4; lastKnownFileType = sourcecode.c.objc; path = Category.m; sourceTree = "<group>"; };
/* End PBXFileReference section */

/* Begin PBXFrameworksBuildPhase section */
		9838CA42164B1260006C9C6A /* Frameworks */ = {
			isa = PBXFrameworksBuildPhase;
			buildActionMask = 2147483647;
			files = (
				98CD5A8C1772B1350050C34B /* CoreData.framework in Frameworks */,
				98C8569016C9B78400B510BE /* Security.framework in Frameworks */,
				9838CA4A164B1260006C9C6A /* UIKit.framework in Frameworks */,
				9838CA4C164B1260006C9C6A /* Foundation.framework in Frameworks */,
				9838CA4E164B1260006C9C6A /* CoreGraphics.framework in Frameworks */,
			);
			runOnlyForDeploymentPostprocessing = 0;
		};
/* End PBXFrameworksBuildPhase section */

/* Begin PBXGroup section */
		9838CA3A164B1260006C9C6A = {
			isa = PBXGroup;
			children = (
				98CD5AB3177540BE0050C34B /* README */,
				98CD5A8B1772B1350050C34B /* CoreData.framework */,
				98C8568F16C9B78400B510BE /* Security.framework */,
				9838CA4F164B1260006C9C6A /* YammerLocker */,
				9838CA48164B1260006C9C6A /* Frameworks */,
				9838CA46164B1260006C9C6A /* Products */,
			);
			sourceTree = "<group>";
		};
		9838CA46164B1260006C9C6A /* Products */ = {
			isa = PBXGroup;
			children = (
				9838CA45164B1260006C9C6A /* YammerLocker.app */,
			);
			name = Products;
			sourceTree = "<group>";
		};
		9838CA48164B1260006C9C6A /* Frameworks */ = {
			isa = PBXGroup;
			children = (
				9838CA49164B1260006C9C6A /* UIKit.framework */,
				9838CA4B164B1260006C9C6A /* Foundation.framework */,
				9838CA4D164B1260006C9C6A /* CoreGraphics.framework */,
			);
			name = Frameworks;
			sourceTree = "<group>";
		};
		9838CA4F164B1260006C9C6A /* YammerLocker */ = {
			isa = PBXGroup;
			children = (
				9838CA58164B1260006C9C6A /* YammerLockerAppDelegate.h */,
				9838CA59164B1260006C9C6A /* YammerLockerAppDelegate.m */,
				98631BD11795F9E600CD0265 /* LoginController.h */,
				98631BD21795F9E600CD0265 /* LoginController.m */,
				9838CA64164B1260006C9C6A /* YammerLockerViewController.h */,
				9838CA65164B1260006C9C6A /* YammerLockerViewController.m */,
				98631B8E178B5A2900CD0265 /* YammerDataConfigController.h */,
				98631B8F178B5A2900CD0265 /* YammerDataConfigController.m */,
				98753B63176A778200B0BAD7 /* YammerMessagesViewController.h */,
				98753B64176A778200B0BAD7 /* YammerMessagesViewController.m */,
				98C99FE517189A9600DB567A /* YammerMessageDetailController.h */,
				98C99FE617189A9600DB567A /* YammerMessageDetailController.m */,
				98928ABC16BB2D0C00D4C84B /* YammerLockerDataController.h */,
				98928ABD16BB2D0C00D4C84B /* YammerLockerDataController.m */,
				98CD5AB517791AD30050C34B /* Message.h */,
				98CD5AB617791AD30050C34B /* Message.m */,
				98631B95178E3CD800CD0265 /* User.h */,
				98631B96178E3CD800CD0265 /* User.m */,
				98CD5AB817791AD30050C34B /* Category.h */,
				98CD5AB917791AD30050C34B /* Category.m */,
				9838CA61164B1260006C9C6A /* MainStoryboard.storyboard */,
				98CD5A4B177260FF0050C34B /* Locker.xcdatamodeld */,
				9838CA50164B1260006C9C6A /* Supporting Files */,
			);
			path = YammerLocker;
			sourceTree = "<group>";
		};
		9838CA50164B1260006C9C6A /* Supporting Files */ = {
			isa = PBXGroup;
			children = (
				98631BCF178FE3A300CD0265 /* LockerAppLaunchIcon_57.png */,
				98631BCC178FE37F00CD0265 /* LockerAppLaunchIcon_114.png */,
				98631BC2178FD73700CD0265 /* YammerBlueColorSliver_folder.png */,
				98631BB8178E8BDF00CD0265 /* AddTopicGuidance.jpg */,
				98631BBF178FC74F00CD0265 /* YammerBlueColorSliver_mail.png */,
				98631BB6178E88A500CD0265 /* YammerBlueColorSliver.png */,
				9838CA51164B1260006C9C6A /* YammerLocker-Info.plist */,
				9838CA52164B1260006C9C6A /* InfoPlist.strings */,
				9838CA55164B1260006C9C6A /* main.m */,
				9838CA57164B1260006C9C6A /* YammerLocker-Prefix.pch */,
				9838CA5B164B1260006C9C6A /* Default.png */,
				9838CA5D164B1260006C9C6A /* Default@2x.png */,
				9838CA5F164B1260006C9C6A /* Default-568h@2x.png */,
			);
			name = "Supporting Files";
			sourceTree = "<group>";
		};
/* End PBXGroup section */

/* Begin PBXNativeTarget section */
		9838CA44164B1260006C9C6A /* YammerLocker */ = {
			isa = PBXNativeTarget;
			buildConfigurationList = 9838CA69164B1260006C9C6A /* Build configuration list for PBXNativeTarget "YammerLocker" */;
			buildPhases = (
				9838CA41164B1260006C9C6A /* Sources */,
				9838CA42164B1260006C9C6A /* Frameworks */,
				9838CA43164B1260006C9C6A /* Resources */,
			);
			buildRules = (
			);
			dependencies = (
			);
			name = YammerLocker;
			productName = YammerLocker;
			productReference = 9838CA45164B1260006C9C6A /* YammerLocker.app */;
			productType = "com.apple.product-type.application";
		};
/* End PBXNativeTarget section */

/* Begin PBXProject section */
		9838CA3C164B1260006C9C6A /* Project object */ = {
			isa = PBXProject;
			attributes = {
				CLASSPREFIX = YammerLocker;
				LastUpgradeCheck = 0450;
				ORGANIZATIONNAME = "Sidd Singh";
			};
			buildConfigurationList = 9838CA3F164B1260006C9C6A /* Build configuration list for PBXProject "YammerLocker" */;
			compatibilityVersion = "Xcode 3.2";
			developmentRegion = English;
			hasScannedForEncodings = 0;
			knownRegions = (
				en,
			);
			mainGroup = 9838CA3A164B1260006C9C6A;
			productRefGroup = 9838CA46164B1260006C9C6A /* Products */;
			projectDirPath = "";
			projectRoot = "";
			targets = (
				9838CA44164B1260006C9C6A /* YammerLocker */,
			);
		};
/* End PBXProject section */

/* Begin PBXResourcesBuildPhase section */
		9838CA43164B1260006C9C6A /* Resources */ = {
			isa = PBXResourcesBuildPhase;
			buildActionMask = 2147483647;
			files = (
				9838CA54164B1260006C9C6A /* InfoPlist.strings in Resources */,
				9838CA5C164B1260006C9C6A /* Default.png in Resources */,
				9838CA5E164B1260006C9C6A /* Default@2x.png in Resources */,
				9838CA60164B1260006C9C6A /* Default-568h@2x.png in Resources */,
				9838CA63164B1260006C9C6A /* MainStoryboard.storyboard in Resources */,
				98CD5AB4177540BE0050C34B /* README in Resources */,
				98631BB7178E88A500CD0265 /* YammerBlueColorSliver.png in Resources */,
				98631BB9178E8BDF00CD0265 /* AddTopicGuidance.jpg in Resources */,
				98631BC1178FC74F00CD0265 /* YammerBlueColorSliver_mail.png in Resources */,
				98631BC3178FD73700CD0265 /* YammerBlueColorSliver_folder.png in Resources */,
				98631BCE178FE39C00CD0265 /* LockerAppLaunchIcon_114.png in Resources */,
				98631BD0178FE3A300CD0265 /* LockerAppLaunchIcon_57.png in Resources */,
			);
			runOnlyForDeploymentPostprocessing = 0;
		};
/* End PBXResourcesBuildPhase section */

/* Begin PBXSourcesBuildPhase section */
		9838CA41164B1260006C9C6A /* Sources */ = {
			isa = PBXSourcesBuildPhase;
			buildActionMask = 2147483647;
			files = (
				9838CA56164B1260006C9C6A /* main.m in Sources */,
				9838CA5A164B1260006C9C6A /* YammerLockerAppDelegate.m in Sources */,
				9838CA66164B1260006C9C6A /* YammerLockerViewController.m in Sources */,
				98928ABF16BB2D0C00D4C84B /* YammerLockerDataController.m in Sources */,
				98C99FE717189A9600DB567A /* YammerMessageDetailController.m in Sources */,
				98753B65176A778200B0BAD7 /* YammerMessagesViewController.m in Sources */,
				98CD5A4D177260FF0050C34B /* Locker.xcdatamodeld in Sources */,
				98CD5AB717791AD30050C34B /* Message.m in Sources */,
				98CD5ABA17791AD30050C34B /* Category.m in Sources */,
				98631B90178B5A2900CD0265 /* YammerDataConfigController.m in Sources */,
				98631B97178E3CD800CD0265 /* User.m in Sources */,
				98631BD31795F9E600CD0265 /* LoginController.m in Sources */,
			);
			runOnlyForDeploymentPostprocessing = 0;
		};
/* End PBXSourcesBuildPhase section */

/* Begin PBXVariantGroup section */
		9838CA52164B1260006C9C6A /* InfoPlist.strings */ = {
			isa = PBXVariantGroup;
			children = (
				9838CA53164B1260006C9C6A /* en */,
			);
			name = InfoPlist.strings;
			sourceTree = "<group>";
		};
		9838CA61164B1260006C9C6A /* MainStoryboard.storyboard */ = {
			isa = PBXVariantGroup;
			children = (
				9838CA62164B1260006C9C6A /* en */,
			);
			name = MainStoryboard.storyboard;
			sourceTree = "<group>";
		};
/* End PBXVariantGroup section */

/* Begin XCBuildConfiguration section */
		9838CA67164B1260006C9C6A /* Debug */ = {
			isa = XCBuildConfiguration;
			buildSettings = {
				ALWAYS_SEARCH_USER_PATHS = NO;
				CLANG_CXX_LANGUAGE_STANDARD = "gnu++0x";
				CLANG_CXX_LIBRARY = "libc++";
				CLANG_ENABLE_OBJC_ARC = YES;
				CLANG_WARN_EMPTY_BODY = YES;
				CLANG_WARN__DUPLICATE_METHOD_MATCH = YES;
				"CODE_SIGN_IDENTITY[sdk=iphoneos*]" = "iPhone Developer";
				COPY_PHASE_STRIP = NO;
				GCC_C_LANGUAGE_STANDARD = gnu99;
				GCC_DYNAMIC_NO_PIC = NO;
				GCC_OPTIMIZATION_LEVEL = 0;
				GCC_PREPROCESSOR_DEFINITIONS = (
					"DEBUG=1",
					"$(inherited)",
				);
				GCC_SYMBOLS_PRIVATE_EXTERN = NO;
				GCC_WARN_ABOUT_RETURN_TYPE = YES;
				GCC_WARN_UNINITIALIZED_AUTOS = YES;
				GCC_WARN_UNUSED_VARIABLE = YES;
				IPHONEOS_DEPLOYMENT_TARGET = 6.0;
				ONLY_ACTIVE_ARCH = YES;
				SDKROOT = iphoneos;
				TARGETED_DEVICE_FAMILY = 2;
			};
			name = Debug;
		};
		9838CA68164B1260006C9C6A /* Release */ = {
			isa = XCBuildConfiguration;
			buildSettings = {
				ALWAYS_SEARCH_USER_PATHS = NO;
				CLANG_CXX_LANGUAGE_STANDARD = "gnu++0x";
				CLANG_CXX_LIBRARY = "libc++";
				CLANG_ENABLE_OBJC_ARC = YES;
				CLANG_WARN_EMPTY_BODY = YES;
				CLANG_WARN__DUPLICATE_METHOD_MATCH = YES;
				"CODE_SIGN_IDENTITY[sdk=iphoneos*]" = "iPhone Developer";
				COPY_PHASE_STRIP = YES;
				GCC_C_LANGUAGE_STANDARD = gnu99;
				GCC_WARN_ABOUT_RETURN_TYPE = YES;
				GCC_WARN_UNINITIALIZED_AUTOS = YES;
				GCC_WARN_UNUSED_VARIABLE = YES;
				IPHONEOS_DEPLOYMENT_TARGET = 6.0;
				OTHER_CFLAGS = "-DNS_BLOCK_ASSERTIONS=1";
				SDKROOT = iphoneos;
				TARGETED_DEVICE_FAMILY = 2;
				VALIDATE_PRODUCT = YES;
			};
			name = Release;
		};
		9838CA6A164B1260006C9C6A /* Debug */ = {
			isa = XCBuildConfiguration;
			buildSettings = {
				ALWAYS_SEARCH_USER_PATHS = NO;
				GCC_PRECOMPILE_PREFIX_HEADER = YES;
				GCC_PREFIX_HEADER = "YammerLocker/YammerLocker-Prefix.pch";
				"HEADER_SEARCH_PATHS[arch=*]" = "$(SRCROOT)/OAuth2Client-master/Sources/**";
				INFOPLIST_FILE = "YammerLocker/YammerLocker-Info.plist";
				IPHONEOS_DEPLOYMENT_TARGET = 6.0;
				"OTHER_LDFLAGS[arch=*]" = "-ObjC";
				PRODUCT_NAME = YammerLocker;
				TARGETED_DEVICE_FAMILY = "1,2";
				WRAPPER_EXTENSION = app;
			};
			name = Debug;
		};
		9838CA6B164B1260006C9C6A /* Release */ = {
			isa = XCBuildConfiguration;
			buildSettings = {
				ALWAYS_SEARCH_USER_PATHS = NO;
				GCC_PRECOMPILE_PREFIX_HEADER = YES;
				GCC_PREFIX_HEADER = "YammerLocker/YammerLocker-Prefix.pch";
				"HEADER_SEARCH_PATHS[arch=*]" = "$(SRCROOT)/OAuth2Client-master/Sources/**";
				INFOPLIST_FILE = "YammerLocker/YammerLocker-Info.plist";
				IPHONEOS_DEPLOYMENT_TARGET = 6.0;
				"OTHER_LDFLAGS[arch=*]" = "-ObjC";
				PRODUCT_NAME = YammerLocker;
				TARGETED_DEVICE_FAMILY = "1,2";
				WRAPPER_EXTENSION = app;
			};
			name = Release;
		};
/* End XCBuildConfiguration section */

/* Begin XCConfigurationList section */
		9838CA3F164B1260006C9C6A /* Build configuration list for PBXProject "YammerLocker" */ = {
			isa = XCConfigurationList;
			buildConfigurations = (
				9838CA67164B1260006C9C6A /* Debug */,
				9838CA68164B1260006C9C6A /* Release */,
			);
			defaultConfigurationIsVisible = 0;
			defaultConfigurationName = Release;
		};
		9838CA69164B1260006C9C6A /* Build configuration list for PBXNativeTarget "YammerLocker" */ = {
			isa = XCConfigurationList;
			buildConfigurations = (
				9838CA6A164B1260006C9C6A /* Debug */,
				9838CA6B164B1260006C9C6A /* Release */,
			);
			defaultConfigurationIsVisible = 0;
			defaultConfigurationName = Release;
		};
/* End XCConfigurationList section */

/* Begin XCVersionGroup section */
		98CD5A4B177260FF0050C34B /* Locker.xcdatamodeld */ = {
			isa = XCVersionGroup;
			children = (
				98CD5A4C177260FF0050C34B /* Locker.xcdatamodel */,
			);
			currentVersion = 98CD5A4C177260FF0050C34B /* Locker.xcdatamodel */;
			path = Locker.xcdatamodeld;
			sourceTree = "<group>";
			versionGroupType = wrapper.xcdatamodel;
		};
/* End XCVersionGroup section */
	};
	rootObject = 9838CA3C164B1260006C9C6A /* Project object */;
}
